
Microsoft Visual Studio Solution File, Format Version 12.00
# Visual Studio Version 16
VisualStudioVersion = 16.0.29326.143
MinimumVisualStudioVersion = 10.0.40219.1
Project("{FAE04EC0-301F-11D3-BF4B-00C04F79EFBC}") = "Keysafe.Server", "Keysafe.Server\Keysafe.Server.csproj", "{62F202AD-E19F-45A0-A78B-CC55CBE41AA8}"
EndProject
Global
	GlobalSection(SolutionConfigurationPlatforms) = preSolution
		Debug|Any CPU = Debug|Any CPU
		Release|Any CPU = Release|Any CPU
	EndGlobalSection
	GlobalSection(ProjectConfigurationPlatforms) = postSolution
		{62F202AD-E19F-45A0-A78B-CC55CBE41AA8}.Debug|Any CPU.ActiveCfg = Debug|Any CPU
		{62F202AD-E19F-45A0-A78B-CC55CBE41AA8}.Debug|Any CPU.Build.0 = Debug|Any CPU
		{62F202AD-E19F-45A0-A78B-CC55CBE41AA8}.Release|Any CPU.ActiveCfg = Release|Any CPU
		{62F202AD-E19F-45A0-A78B-CC55CBE41AA8}.Release|Any CPU.Build.0 = Release|Any CPU
	EndGlobalSection
	GlobalSection(SolutionProperties) = preSolution
		HideSolutionNode = FALSE
	EndGlobalSection
	GlobalSection(ExtensibilityGlobals) = postSolution
		SolutionGuid = {BB10184E-02E0-42BE-9AEF-3C769FF481A4}
	EndGlobalSection
EndGlobal
